
Microsoft Visual Studio Solution File, Format Version 12.00
# Visual Studio Version 17
VisualStudioVersion = 17.2.32630.192
MinimumVisualStudioVersion = 10.0.40219.1
Project("{9A19103F-16F7-4668-BE54-9A1E7A4F7556}") = "NetworkUtility", "NetworkUtility\NetworkUtility.csproj", "{933A8711-B89B-4F85-8E91-7F4E023DCFF0}"
EndProject
Project("{9A19103F-16F7-4668-BE54-9A1E7A4F7556}") = "NetworkUtility.Test", "NetworkUtility.Test\NetworkUtility.Test.csproj", "{4A09B5AF-DD6B-4748-B0CF-0D51AA1289FF}"
EndProject
Project("{9A19103F-16F7-4668-BE54-9A1E7A4F7556}") = "CalculatorDomain", "CalculatorApp\CalculatorDomain.csproj", "{9CEB325A-2509-428B-8E81-8677167A3A2D}"
EndProject
Project("{9A19103F-16F7-4668-BE54-9A1E7A4F7556}") = "CalculatorWeb", "CalculatorWeb\CalculatorWeb.csproj", "{3B19EA20-D68D-4DBB-8BB7-87783936A019}"
EndProject
Project("{9A19103F-16F7-4668-BE54-9A1E7A4F7556}") = "FlightBooking.Test", "FlightBooking.Test\FlightBooking.Test.csproj", "{E267F178-3F9F-4E0C-A454-2CC0822C22C8}"
EndProject
Project("{9A19103F-16F7-4668-BE54-9A1E7A4F7556}") = "FlightBooking.Domain", "FlightBooking.Domain\FlightBooking.Domain.csproj", "{54076993-546E-4D29-A68D-39BBD83F0D31}"
EndProject
Project("{2150E333-8FDC-42A3-9474-1A3956D46DE8}") = "Calculator App", "Calculator App", "{172D8227-53CE-48C8-87EE-3D4A66CD1186}"
EndProject
Project("{2150E333-8FDC-42A3-9474-1A3956D46DE8}") = "Flight Booking App", "Flight Booking App", "{F9748046-E4C1-40E1-B85A-62A15415FFD8}"
EndProject
Project("{2150E333-8FDC-42A3-9474-1A3956D46DE8}") = "Network Utility App", "Network Utility App", "{8CB22E5E-ADEE-468D-8090-DD53ED09971C}"
EndProject
Project("{FAE04EC0-301F-11D3-BF4B-00C04F79EFBC}") = "FlightBooking.Model", "FlightBooking.Model\FlightBooking.Model.csproj", "{433BABFD-CD8F-465F-BCCC-27705A436F21}"
EndProject
Global
	GlobalSection(SolutionConfigurationPlatforms) = preSolution
		Debug|Any CPU = Debug|Any CPU
		Release|Any CPU = Release|Any CPU
	EndGlobalSection
	GlobalSection(ProjectConfigurationPlatforms) = postSolution
		{933A8711-B89B-4F85-8E91-7F4E023DCFF0}.Debug|Any CPU.ActiveCfg = Debug|Any CPU
		{933A8711-B89B-4F85-8E91-7F4E023DCFF0}.Debug|Any CPU.Build.0 = Debug|Any CPU
		{933A8711-B89B-4F85-8E91-7F4E023DCFF0}.Release|Any CPU.ActiveCfg = Release|Any CPU
		{933A8711-B89B-4F85-8E91-7F4E023DCFF0}.Release|Any CPU.Build.0 = Release|Any CPU
		{4A09B5AF-DD6B-4748-B0CF-0D51AA1289FF}.Debug|Any CPU.ActiveCfg = Debug|Any CPU
		{4A09B5AF-DD6B-4748-B0CF-0D51AA1289FF}.Debug|Any CPU.Build.0 = Debug|Any CPU
		{4A09B5AF-DD6B-4748-B0CF-0D51AA1289FF}.Release|Any CPU.ActiveCfg = Release|Any CPU
		{4A09B5AF-DD6B-4748-B0CF-0D51AA1289FF}.Release|Any CPU.Build.0 = Release|Any CPU
		{9CEB325A-2509-428B-8E81-8677167A3A2D}.Debug|Any CPU.ActiveCfg = Debug|Any CPU
		{9CEB325A-2509-428B-8E81-8677167A3A2D}.Debug|Any CPU.Build.0 = Debug|Any CPU
		{9CEB325A-2509-428B-8E81-8677167A3A2D}.Release|Any CPU.ActiveCfg = Release|Any CPU
		{9CEB325A-2509-428B-8E81-8677167A3A2D}.Release|Any CPU.Build.0 = Release|Any CPU
		{3B19EA20-D68D-4DBB-8BB7-87783936A019}.Debug|Any CPU.ActiveCfg = Debug|Any CPU
		{3B19EA20-D68D-4DBB-8BB7-87783936A019}.Debug|Any CPU.Build.0 = Debug|Any CPU
		{3B19EA20-D68D-4DBB-8BB7-87783936A019}.Release|Any CPU.ActiveCfg = Release|Any CPU
		{3B19EA20-D68D-4DBB-8BB7-87783936A019}.Release|Any CPU.Build.0 = Release|Any CPU
		{E267F178-3F9F-4E0C-A454-2CC0822C22C8}.Debug|Any CPU.ActiveCfg = Debug|Any CPU
		{E267F178-3F9F-4E0C-A454-2CC0822C22C8}.Debug|Any CPU.Build.0 = Debug|Any CPU
		{E267F178-3F9F-4E0C-A454-2CC0822C22C8}.Release|Any CPU.ActiveCfg = Release|Any CPU
		{E267F178-3F9F-4E0C-A454-2CC0822C22C8}.Release|Any CPU.Build.0 = Release|Any CPU
		{54076993-546E-4D29-A68D-39BBD83F0D31}.Debug|Any CPU.ActiveCfg = Debug|Any CPU
		{54076993-546E-4D29-A68D-39BBD83F0D31}.Debug|Any CPU.Build.0 = Debug|Any CPU
		{54076993-546E-4D29-A68D-39BBD83F0D31}.Release|Any CPU.ActiveCfg = Release|Any CPU
		{54076993-546E-4D29-A68D-39BBD83F0D31}.Release|Any CPU.Build.0 = Release|Any CPU
		{433BABFD-CD8F-465F-BCCC-27705A436F21}.Debug|Any CPU.ActiveCfg = Debug|Any CPU
		{433BABFD-CD8F-465F-BCCC-27705A436F21}.Debug|Any CPU.Build.0 = Debug|Any CPU
		{433BABFD-CD8F-465F-BCCC-27705A436F21}.Release|Any CPU.ActiveCfg = Release|Any CPU
		{433BABFD-CD8F-465F-BCCC-27705A436F21}.Release|Any CPU.Build.0 = Release|Any CPU
	EndGlobalSection
	GlobalSection(SolutionProperties) = preSolution
		HideSolutionNode = FALSE
	EndGlobalSection
	GlobalSection(NestedProjects) = preSolution
		{933A8711-B89B-4F85-8E91-7F4E023DCFF0} = {8CB22E5E-ADEE-468D-8090-DD53ED09971C}
		{4A09B5AF-DD6B-4748-B0CF-0D51AA1289FF} = {8CB22E5E-ADEE-468D-8090-DD53ED09971C}
	EndGlobalSection
	GlobalSection(ExtensibilityGlobals) = postSolution
		SolutionGuid = {8EA60EB1-09CB-4116-AED5-4B14C5429AE5}
	EndGlobalSection
EndGlobal
